
Microsoft Visual Studio Solution File, Format Version 12.00
# Visual Studio Version 17
VisualStudioVersion = 17.8.34322.80
MinimumVisualStudioVersion = 10.0.40219.1
Project("{9A19103F-16F7-4668-BE54-9A1E7A4F7556}") = "TopShop", "TopShop\TopShop.csproj", "{747CA46A-840A-40AB-AF69-7B8C10B06812}"
EndProject
Project("{FAE04EC0-301F-11D3-BF4B-00C04F79EFBC}") = "ItemTestProject", "ItemTestProject\ItemTestProject.csproj", "{9BCD8C7D-EDB1-423E-8820-049A0811D6B2}"
EndProject
Global
	GlobalSection(SolutionConfigurationPlatforms) = preSolution
		Debug|Any CPU = Debug|Any CPU
		Release|Any CPU = Release|Any CPU
	EndGlobalSection
	GlobalSection(ProjectConfigurationPlatforms) = postSolution
		{747CA46A-840A-40AB-AF69-7B8C10B06812}.Debug|Any CPU.ActiveCfg = Debug|Any CPU
		{747CA46A-840A-40AB-AF69-7B8C10B06812}.Debug|Any CPU.Build.0 = Debug|Any CPU
		{747CA46A-840A-40AB-AF69-7B8C10B06812}.Release|Any CPU.ActiveCfg = Release|Any CPU
		{747CA46A-840A-40AB-AF69-7B8C10B06812}.Release|Any CPU.Build.0 = Release|Any CPU
		{9BCD8C7D-EDB1-423E-8820-049A0811D6B2}.Debug|Any CPU.ActiveCfg = Debug|Any CPU
		{9BCD8C7D-EDB1-423E-8820-049A0811D6B2}.Debug|Any CPU.Build.0 = Debug|Any CPU
		{9BCD8C7D-EDB1-423E-8820-049A0811D6B2}.Release|Any CPU.ActiveCfg = Release|Any CPU
		{9BCD8C7D-EDB1-423E-8820-049A0811D6B2}.Release|Any CPU.Build.0 = Release|Any CPU
	EndGlobalSection
	GlobalSection(SolutionProperties) = preSolution
		HideSolutionNode = FALSE
	EndGlobalSection
	GlobalSection(ExtensibilityGlobals) = postSolution
		SolutionGuid = {BB9AA80B-1608-46A5-A81F-C4ED0511FDAE}
	EndGlobalSection
EndGlobal
